
Microsoft Visual Studio Solution File, Format Version 12.00
# Visual Studio 15
VisualStudioVersion = 15.0.28307.572
MinimumVisualStudioVersion = 10.0.40219.1
Project("{FAE04EC0-301F-11D3-BF4B-00C04F79EFBC}") = "PruebaXamarinGit.Android", "PruebaXamarinGit\PruebaXamarinGit.Android\PruebaXamarinGit.Android.csproj", "{127CD616-CC35-482E-BBC8-5D308D7C38C4}"
EndProject
Project("{FAE04EC0-301F-11D3-BF4B-00C04F79EFBC}") = "PruebaXamarinGit.iOS", "PruebaXamarinGit\PruebaXamarinGit.iOS\PruebaXamarinGit.iOS.csproj", "{348D211C-D49C-438F-A71C-855FA518FB85}"
EndProject
Project("{FAE04EC0-301F-11D3-BF4B-00C04F79EFBC}") = "PruebaXamarinGit", "PruebaXamarinGit\PruebaXamarinGit\PruebaXamarinGit.csproj", "{4B165421-CF8D-41B2-B19F-7B4D78159A9D}"
EndProject
Global
	GlobalSection(SolutionConfigurationPlatforms) = preSolution
		Ad-Hoc|Any CPU = Ad-Hoc|Any CPU
		Ad-Hoc|iPhone = Ad-Hoc|iPhone
		Ad-Hoc|iPhoneSimulator = Ad-Hoc|iPhoneSimulator
		AppStore|Any CPU = AppStore|Any CPU
		AppStore|iPhone = AppStore|iPhone
		AppStore|iPhoneSimulator = AppStore|iPhoneSimulator
		Debug|Any CPU = Debug|Any CPU
		Debug|iPhone = Debug|iPhone
		Debug|iPhoneSimulator = Debug|iPhoneSimulator
		Release|Any CPU = Release|Any CPU
		Release|iPhone = Release|iPhone
		Release|iPhoneSimulator = Release|iPhoneSimulator
	EndGlobalSection
	GlobalSection(ProjectConfigurationPlatforms) = postSolution
		{127CD616-CC35-482E-BBC8-5D308D7C38C4}.Ad-Hoc|Any CPU.ActiveCfg = Release|Any CPU
		{127CD616-CC35-482E-BBC8-5D308D7C38C4}.Ad-Hoc|Any CPU.Build.0 = Release|Any CPU
		{127CD616-CC35-482E-BBC8-5D308D7C38C4}.Ad-Hoc|Any CPU.Deploy.0 = Release|Any CPU
		{127CD616-CC35-482E-BBC8-5D308D7C38C4}.Ad-Hoc|iPhone.ActiveCfg = Release|Any CPU
		{127CD616-CC35-482E-BBC8-5D308D7C38C4}.Ad-Hoc|iPhone.Build.0 = Release|Any CPU
		{127CD616-CC35-482E-BBC8-5D308D7C38C4}.Ad-Hoc|iPhone.Deploy.0 = Release|Any CPU
		{127CD616-CC35-482E-BBC8-5D308D7C38C4}.Ad-Hoc|iPhoneSimulator.ActiveCfg = Release|Any CPU
		{127CD616-CC35-482E-BBC8-5D308D7C38C4}.Ad-Hoc|iPhoneSimulator.Build.0 = Release|Any CPU
		{127CD616-CC35-482E-BBC8-5D308D7C38C4}.Ad-Hoc|iPhoneSimulator.Deploy.0 = Release|Any CPU
		{127CD616-CC35-482E-BBC8-5D308D7C38C4}.AppStore|Any CPU.ActiveCfg = Release|Any CPU
		{127CD616-CC35-482E-BBC8-5D308D7C38C4}.AppStore|Any CPU.Build.0 = Release|Any CPU
		{127CD616-CC35-482E-BBC8-5D308D7C38C4}.AppStore|Any CPU.Deploy.0 = Release|Any CPU
		{127CD616-CC35-482E-BBC8-5D308D7C38C4}.AppStore|iPhone.ActiveCfg = Release|Any CPU
		{127CD616-CC35-482E-BBC8-5D308D7C38C4}.AppStore|iPhone.Build.0 = Release|Any CPU
		{127CD616-CC35-482E-BBC8-5D308D7C38C4}.AppStore|iPhone.Deploy.0 = Release|Any CPU
		{127CD616-CC35-482E-BBC8-5D308D7C38C4}.AppStore|iPhoneSimulator.ActiveCfg = Release|Any CPU
		{127CD616-CC35-482E-BBC8-5D308D7C38C4}.AppStore|iPhoneSimulator.Build.0 = Release|Any CPU
		{127CD616-CC35-482E-BBC8-5D308D7C38C4}.AppStore|iPhoneSimulator.Deploy.0 = Release|Any CPU
		{127CD616-CC35-482E-BBC8-5D308D7C38C4}.Debug|Any CPU.ActiveCfg = Debug|Any CPU
		{127CD616-CC35-482E-BBC8-5D308D7C38C4}.Debug|Any CPU.Build.0 = Debug|Any CPU
		{127CD616-CC35-482E-BBC8-5D308D7C38C4}.Debug|Any CPU.Deploy.0 = Debug|Any CPU
		{127CD616-CC35-482E-BBC8-5D308D7C38C4}.Debug|iPhone.ActiveCfg = Debug|Any CPU
		{127CD616-CC35-482E-BBC8-5D308D7C38C4}.Debug|iPhone.Build.0 = Debug|Any CPU
		{127CD616-CC35-482E-BBC8-5D308D7C38C4}.Debug|iPhone.Deploy.0 = Debug|Any CPU
		{127CD616-CC35-482E-BBC8-5D308D7C38C4}.Debug|iPhoneSimulator.ActiveCfg = Debug|Any CPU
		{127CD616-CC35-482E-BBC8-5D308D7C38C4}.Debug|iPhoneSimulator.Build.0 = Debug|Any CPU
		{127CD616-CC35-482E-BBC8-5D308D7C38C4}.Debug|iPhoneSimulator.Deploy.0 = Debug|Any CPU
		{127CD616-CC35-482E-BBC8-5D308D7C38C4}.Release|Any CPU.ActiveCfg = Release|Any CPU
		{127CD616-CC35-482E-BBC8-5D308D7C38C4}.Release|Any CPU.Build.0 = Release|Any CPU
		{127CD616-CC35-482E-BBC8-5D308D7C38C4}.Release|Any CPU.Deploy.0 = Release|Any CPU
		{127CD616-CC35-482E-BBC8-5D308D7C38C4}.Release|iPhone.ActiveCfg = Release|Any CPU
		{127CD616-CC35-482E-BBC8-5D308D7C38C4}.Release|iPhone.Build.0 = Release|Any CPU
		{127CD616-CC35-482E-BBC8-5D308D7C38C4}.Release|iPhone.Deploy.0 = Release|Any CPU
		{127CD616-CC35-482E-BBC8-5D308D7C38C4}.Release|iPhoneSimulator.ActiveCfg = Release|Any CPU
		{127CD616-CC35-482E-BBC8-5D308D7C38C4}.Release|iPhoneSimulator.Build.0 = Release|Any CPU
		{127CD616-CC35-482E-BBC8-5D308D7C38C4}.Release|iPhoneSimulator.Deploy.0 = Release|Any CPU
		{348D211C-D49C-438F-A71C-855FA518FB85}.Ad-Hoc|Any CPU.ActiveCfg = Ad-Hoc|iPhone
		{348D211C-D49C-438F-A71C-855FA518FB85}.Ad-Hoc|Any CPU.Build.0 = Ad-Hoc|iPhone
		{348D211C-D49C-438F-A71C-855FA518FB85}.Ad-Hoc|Any CPU.Deploy.0 = Ad-Hoc|iPhone
		{348D211C-D49C-438F-A71C-855FA518FB85}.Ad-Hoc|iPhone.ActiveCfg = Ad-Hoc|iPhone
		{348D211C-D49C-438F-A71C-855FA518FB85}.Ad-Hoc|iPhone.Build.0 = Ad-Hoc|iPhone
		{348D211C-D49C-438F-A71C-855FA518FB85}.Ad-Hoc|iPhone.Deploy.0 = Ad-Hoc|iPhone
		{348D211C-D49C-438F-A71C-855FA518FB85}.Ad-Hoc|iPhoneSimulator.ActiveCfg = Ad-Hoc|iPhoneSimulator
		{348D211C-D49C-438F-A71C-855FA518FB85}.Ad-Hoc|iPhoneSimulator.Build.0 = Ad-Hoc|iPhoneSimulator
		{348D211C-D49C-438F-A71C-855FA518FB85}.Ad-Hoc|iPhoneSimulator.Deploy.0 = Ad-Hoc|iPhoneSimulator
		{348D211C-D49C-438F-A71C-855FA518FB85}.AppStore|Any CPU.ActiveCfg = AppStore|iPhone
		{348D211C-D49C-438F-A71C-855FA518FB85}.AppStore|Any CPU.Build.0 = AppStore|iPhone
		{348D211C-D49C-438F-A71C-855FA518FB85}.AppStore|Any CPU.Deploy.0 = AppStore|iPhone
		{348D211C-D49C-438F-A71C-855FA518FB85}.AppStore|iPhone.ActiveCfg = AppStore|iPhone
		{348D211C-D49C-438F-A71C-855FA518FB85}.AppStore|iPhone.Build.0 = AppStore|iPhone
		{348D211C-D49C-438F-A71C-855FA518FB85}.AppStore|iPhone.Deploy.0 = AppStore|iPhone
		{348D211C-D49C-438F-A71C-855FA518FB85}.AppStore|iPhoneSimulator.ActiveCfg = AppStore|iPhoneSimulator
		{348D211C-D49C-438F-A71C-855FA518FB85}.AppStore|iPhoneSimulator.Build.0 = AppStore|iPhoneSimulator
		{348D211C-D49C-438F-A71C-855FA518FB85}.AppStore|iPhoneSimulator.Deploy.0 = AppStore|iPhoneSimulator
		{348D211C-D49C-438F-A71C-855FA518FB85}.Debug|Any CPU.ActiveCfg = Debug|iPhoneSimulator
		{348D211C-D49C-438F-A71C-855FA518FB85}.Debug|Any CPU.Build.0 = Debug|iPhoneSimulator
		{348D211C-D49C-438F-A71C-855FA518FB85}.Debug|Any CPU.Deploy.0 = Debug|iPhoneSimulator
		{348D211C-D49C-438F-A71C-855FA518FB85}.Debug|iPhone.ActiveCfg = Debug|iPhone
		{348D211C-D49C-438F-A71C-855FA518FB85}.Debug|iPhone.Build.0 = Debug|iPhone
		{348D211C-D49C-438F-A71C-855FA518FB85}.Debug|iPhone.Deploy.0 = Debug|iPhone
		{348D211C-D49C-438F-A71C-855FA518FB85}.Debug|iPhoneSimulator.ActiveCfg = Debug|iPhoneSimulator
		{348D211C-D49C-438F-A71C-855FA518FB85}.Debug|iPhoneSimulator.Build.0 = Debug|iPhoneSimulator
		{348D211C-D49C-438F-A71C-855FA518FB85}.Debug|iPhoneSimulator.Deploy.0 = Debug|iPhoneSimulator
		{348D211C-D49C-438F-A71C-855FA518FB85}.Release|Any CPU.ActiveCfg = Release|iPhone
		{348D211C-D49C-438F-A71C-855FA518FB85}.Release|Any CPU.Build.0 = Release|iPhone
		{348D211C-D49C-438F-A71C-855FA518FB85}.Release|Any CPU.Deploy.0 = Release|iPhone
		{348D211C-D49C-438F-A71C-855FA518FB85}.Release|iPhone.ActiveCfg = Release|iPhone
		{348D211C-D49C-438F-A71C-855FA518FB85}.Release|iPhone.Build.0 = Release|iPhone
		{348D211C-D49C-438F-A71C-855FA518FB85}.Release|iPhone.Deploy.0 = Release|iPhone
		{348D211C-D49C-438F-A71C-855FA518FB85}.Release|iPhoneSimulator.ActiveCfg = Release|iPhoneSimulator
		{348D211C-D49C-438F-A71C-855FA518FB85}.Release|iPhoneSimulator.Build.0 = Release|iPhoneSimulator
		{348D211C-D49C-438F-A71C-855FA518FB85}.Release|iPhoneSimulator.Deploy.0 = Release|iPhoneSimulator
		{4B165421-CF8D-41B2-B19F-7B4D78159A9D}.Ad-Hoc|Any CPU.ActiveCfg = Debug|Any CPU
		{4B165421-CF8D-41B2-B19F-7B4D78159A9D}.Ad-Hoc|Any CPU.Build.0 = Debug|Any CPU
		{4B165421-CF8D-41B2-B19F-7B4D78159A9D}.Ad-Hoc|Any CPU.Deploy.0 = Debug|Any CPU
		{4B165421-CF8D-41B2-B19F-7B4D78159A9D}.Ad-Hoc|iPhone.ActiveCfg = Debug|Any CPU
		{4B165421-CF8D-41B2-B19F-7B4D78159A9D}.Ad-Hoc|iPhone.Build.0 = Debug|Any CPU
		{4B165421-CF8D-41B2-B19F-7B4D78159A9D}.Ad-Hoc|iPhone.Deploy.0 = Debug|Any CPU
		{4B165421-CF8D-41B2-B19F-7B4D78159A9D}.Ad-Hoc|iPhoneSimulator.ActiveCfg = Debug|Any CPU
		{4B165421-CF8D-41B2-B19F-7B4D78159A9D}.Ad-Hoc|iPhoneSimulator.Build.0 = Debug|Any CPU
		{4B165421-CF8D-41B2-B19F-7B4D78159A9D}.Ad-Hoc|iPhoneSimulator.Deploy.0 = Debug|Any CPU
		{4B165421-CF8D-41B2-B19F-7B4D78159A9D}.AppStore|Any CPU.ActiveCfg = Debug|Any CPU
		{4B165421-CF8D-41B2-B19F-7B4D78159A9D}.AppStore|Any CPU.Build.0 = Debug|Any CPU
		{4B165421-CF8D-41B2-B19F-7B4D78159A9D}.AppStore|Any CPU.Deploy.0 = Debug|Any CPU
		{4B165421-CF8D-41B2-B19F-7B4D78159A9D}.AppStore|iPhone.ActiveCfg = Debug|Any CPU
		{4B165421-CF8D-41B2-B19F-7B4D78159A9D}.AppStore|iPhone.Build.0 = Debug|Any CPU
		{4B165421-CF8D-41B2-B19F-7B4D78159A9D}.AppStore|iPhone.Deploy.0 = Debug|Any CPU
		{4B165421-CF8D-41B2-B19F-7B4D78159A9D}.AppStore|iPhoneSimulator.ActiveCfg = Debug|Any CPU
		{4B165421-CF8D-41B2-B19F-7B4D78159A9D}.AppStore|iPhoneSimulator.Build.0 = Debug|Any CPU
		{4B165421-CF8D-41B2-B19F-7B4D78159A9D}.AppStore|iPhoneSimulator.Deploy.0 = Debug|Any CPU
		{4B165421-CF8D-41B2-B19F-7B4D78159A9D}.Debug|Any CPU.ActiveCfg = Debug|Any CPU
		{4B165421-CF8D-41B2-B19F-7B4D78159A9D}.Debug|Any CPU.Build.0 = Debug|Any CPU
		{4B165421-CF8D-41B2-B19F-7B4D78159A9D}.Debug|Any CPU.Deploy.0 = Debug|Any CPU
		{4B165421-CF8D-41B2-B19F-7B4D78159A9D}.Debug|iPhone.ActiveCfg = Debug|Any CPU
		{4B165421-CF8D-41B2-B19F-7B4D78159A9D}.Debug|iPhone.Build.0 = Debug|Any CPU
		{4B165421-CF8D-41B2-B19F-7B4D78159A9D}.Debug|iPhone.Deploy.0 = Debug|Any CPU
		{4B165421-CF8D-41B2-B19F-7B4D78159A9D}.Debug|iPhoneSimulator.ActiveCfg = Debug|Any CPU
		{4B165421-CF8D-41B2-B19F-7B4D78159A9D}.Debug|iPhoneSimulator.Build.0 = Debug|Any CPU
		{4B165421-CF8D-41B2-B19F-7B4D78159A9D}.Debug|iPhoneSimulator.Deploy.0 = Debug|Any CPU
		{4B165421-CF8D-41B2-B19F-7B4D78159A9D}.Release|Any CPU.ActiveCfg = Release|Any CPU
		{4B165421-CF8D-41B2-B19F-7B4D78159A9D}.Release|Any CPU.Build.0 = Release|Any CPU
		{4B165421-CF8D-41B2-B19F-7B4D78159A9D}.Release|Any CPU.Deploy.0 = Release|Any CPU
		{4B165421-CF8D-41B2-B19F-7B4D78159A9D}.Release|iPhone.ActiveCfg = Release|Any CPU
		{4B165421-CF8D-41B2-B19F-7B4D78159A9D}.Release|iPhone.Build.0 = Release|Any CPU
		{4B165421-CF8D-41B2-B19F-7B4D78159A9D}.Release|iPhone.Deploy.0 = Release|Any CPU
		{4B165421-CF8D-41B2-B19F-7B4D78159A9D}.Release|iPhoneSimulator.ActiveCfg = Release|Any CPU
		{4B165421-CF8D-41B2-B19F-7B4D78159A9D}.Release|iPhoneSimulator.Build.0 = Release|Any CPU
		{4B165421-CF8D-41B2-B19F-7B4D78159A9D}.Release|iPhoneSimulator.Deploy.0 = Release|Any CPU
	EndGlobalSection
	GlobalSection(SolutionProperties) = preSolution
		HideSolutionNode = FALSE
	EndGlobalSection
	GlobalSection(ExtensibilityGlobals) = postSolution
		SolutionGuid = {DAB63710-FA3E-4ACD-A9ED-033AD456F211}
	EndGlobalSection
EndGlobal
